{
  "pins" : [
    {
      "identity" : "loggerapi",
      "kind" : "remoteSourceControl",
      "location" : "https://github.com/Kitura/LoggerAPI.git",
      "state" : {
        "revision" : "e82d34eab3f0b05391082b11ea07d3b70d2f65bb",
        "version" : "1.9.200"
      }
    },
    {
      "identity" : "swift-kuery",
      "kind" : "remoteSourceControl",
      "location" : "https://github.com/IBM-Swift/Swift-Kuery.git",
      "state" : {
        "revision" : "b9f53552fadf85ac0782dce4f9880d9d8189a4b3",
        "version" : "4.0.0"
      }
    },
    {
      "identity" : "swift-kuery-postgresql",
      "kind" : "remoteSourceControl",
      "location" : "https://github.com/IBM-Swift/Swift-Kuery-PostgreSQL.git",
      "state" : {
        "revision" : "3a58ee149ee02fd6b5f0b18e32e88c1bc13f7e0e",
        "version" : "2.2.0"
      }
    },
    {
      "identity" : "swift-log",
      "kind" : "remoteSourceControl",
      "location" : "https://github.com/apple/swift-log.git",
      "state" : {
        "revision" : "e97a6fcb1ab07462881ac165fdbb37f067e205d5",
        "version" : "1.5.4"
      }
    }
  ],
  "version" : 2
}
